{
  "version": "2",
  "remote": {
    "https://deno.land/std@0.150.0/media_types/_util.ts": "ce9b4fc4ba1c447dafab619055e20fd88236ca6bdd7834a21f98bd193c3fbfa1",
    "https://deno.land/std@0.150.0/media_types/mod.ts": "2d4b6f32a087029272dc59e0a55ae3cc4d1b27b794ccf528e94b1925795b3118",
    "https://deno.land/std@0.150.0/media_types/vendor/mime-db.v1.52.0.ts": "724cee25fa40f1a52d3937d6b4fbbfdd7791ff55e1b7ac08d9319d5632c7f5af",
    "https://deno.land/std@0.195.0/_util/os.ts": "d932f56d41e4f6a6093d56044e29ce637f8dcc43c5a90af43504a889cf1775e3",
    "https://deno.land/std@0.195.0/assert/assert.ts": "9a97dad6d98c238938e7540736b826440ad8c1c1e54430ca4c4e623e585607ee",
    "https://deno.land/std@0.195.0/assert/assertion_error.ts": "4d0bde9b374dfbcbe8ac23f54f567b77024fb67dbb1906a852d67fe050d42f56",
    "https://deno.land/std@0.195.0/collections/filter_values.ts": "16e1fc456a7969e770ec5b89edf5ac97b295ca534b47c1a83f061b409aad7814",
    "https://deno.land/std@0.195.0/collections/without_all.ts": "1e3cccb1ed0659455b473c0766d9414b7710d8cef48862c899f445178f66b779",
    "https://deno.land/std@0.195.0/dotenv/mod.ts": "39e5d19e077e55d7e01ea600eb1c6d1e18a8dfdfc65d68826257a576788da3a4",
    "https://deno.land/std@0.195.0/path/_constants.ts": "e49961f6f4f48039c0dfed3c3f93e963ca3d92791c9d478ac5b43183413136e0",
    "https://deno.land/std@0.195.0/path/_interface.ts": "6471159dfbbc357e03882c2266d21ef9afdb1e4aa771b0545e90db58a0ba314b",
    "https://deno.land/std@0.195.0/path/_util.ts": "d7abb1e0dea065f427b89156e28cdeb32b045870acdf865833ba808a73b576d0",
    "https://deno.land/std@0.195.0/path/common.ts": "ee7505ab01fd22de3963b64e46cff31f40de34f9f8de1fff6a1bd2fe79380000",
    "https://deno.land/std@0.195.0/path/glob.ts": "d479e0a695621c94d3fd7fe7abd4f9499caf32a8de13f25073451c6ef420a4e1",
    "https://deno.land/std@0.195.0/path/mod.ts": "f065032a7189404fdac3ad1a1551a9ac84751d2f25c431e101787846c86c79ef",
    "https://deno.land/std@0.195.0/path/posix.ts": "8b7c67ac338714b30c816079303d0285dd24af6b284f7ad63da5b27372a2c94d",
    "https://deno.land/std@0.195.0/path/separator.ts": "0fb679739d0d1d7bf45b68dacfb4ec7563597a902edbaf3c59b50d5bcadd93b1",
    "https://deno.land/std@0.195.0/path/win32.ts": "4fca292f8d116fd6d62f243b8a61bd3d6835a9f0ede762ba5c01afe7c3c0aa12",
    "https://deno.land/x/xhr@0.3.0/mod.ts": "094aacd627fd9635cd942053bf8032b5223b909858fa9dc8ffa583752ff63b20",
    "https://esm.sh/@supabase/supabase-js@2.27.0": "7b3585344420e0030a70dbc91230f21b9b520bc9f83acdb369f644c839025ef5",
    "https://esm.sh/express@4.18.2": "3e3bc15be8f80b187833860602fd25c7cbfa4c7778c59b5f40cc079419feeecf",
    "https://esm.sh/v129/@supabase/functions-js@2.1.2/denonext/functions-js.mjs": "47444f292e307d83d5542e66994e99f78b1ba482c673289db8a92e012ecd54f4",
    "https://esm.sh/v129/@supabase/gotrue-js@2.45.0/denonext/gotrue-js.mjs": "9cc62d685a8178ecf669966fe4a7c525f6db2560cb2dbc60064f994a7c454001",
    "https://esm.sh/v129/@supabase/postgrest-js@1.7.2/denonext/postgrest-js.mjs": "72c5e25dbb50fa87ca65e5b8d37c8149a4440ca40f371899e1054092dee3b94c",
    "https://esm.sh/v129/@supabase/realtime-js@2.7.3/denonext/realtime-js.mjs": "7483498f8929727d0a4d086703673a341a669bd60ef9aac446dcdbe34dadefe4",
    "https://esm.sh/v129/@supabase/storage-js@2.5.1/denonext/storage-js.mjs": "906891de58940b5dde5986928674ae3a9f587158d23a7f7036ab204e95feb005",
    "https://esm.sh/v129/@supabase/supabase-js@2.27.0/denonext/supabase-js.mjs": "2e143744aaded6d8c5cf9af9fe99de886682f48a3ee98a3ad11b7c2c6b88921e",
    "https://esm.sh/v129/accepts@1.3.8/denonext/accepts.mjs": "bd63fde6b5c462da7cb7471ae2edf6fa0203c1b6f5c68ba80ac1fa79c8fbcdf7",
    "https://esm.sh/v129/body-parser@1.20.1/denonext/body-parser.mjs": "6fd6cafd623e7894459c8f3babbbaab11d5b421bef3d89b22dd5cf8e5d26863f",
    "https://esm.sh/v129/bytes@3.1.2/denonext/bytes.mjs": "727f99cf6d5675ef6f5095c87c810c4117074bad2fcb164eac15abdec967d6c1",
    "https://esm.sh/v129/call-bind@1.0.2/denonext/callBound.js": "62d697155528545fdb7473bc0033e6a9fe314f52dffd4aeda3618075874d1a31",
    "https://esm.sh/v129/content-disposition@0.5.4/denonext/content-disposition.mjs": "c9faabfa32836c214484be09763cb0e1a28dc10b0f08d3036df80973cd2ccdae",
    "https://esm.sh/v129/content-type@1.0.5/denonext/content-type.mjs": "0a76f5bf728090f75a34f227efe77a9ad37c0eaa10539e012bc5dc059b9657fa",
    "https://esm.sh/v129/cookie-signature@1.0.6/denonext/cookie-signature.mjs": "67a2f0d8c2c33165424b5d5c363baeae7b8d03ab88fe146859d8e967c6a86410",
    "https://esm.sh/v129/cookie@0.5.0/denonext/cookie.mjs": "0a77faad2fd5a00b39f51b7d7ab08f9bf18f3908d3eb4559cf58fc687f9f9983",
    "https://esm.sh/v129/cross-fetch@3.1.8/denonext/cross-fetch.mjs": "8fba9e7c3fbaf0d2168beb63ce0cd21b5bfbfbd77e2fcbf8d957d533a71222f6",
    "https://esm.sh/v129/debug@2.6.9/denonext/debug.mjs": "514f152994a43bd6aff6b1fd2abec28ff80aa754b7fa19356c47114c1f04ca20",
    "https://esm.sh/v129/depd@2.0.0/denonext/depd.mjs": "fda65d2a966c5228c771a03b7756a5be1579e99ce7395f739985d0833c7207fd",
    "https://esm.sh/v129/destroy@1.2.0/denonext/destroy.mjs": "12f4dd5df7ffa77aaf2e1f44f193f2479cc5839fb5ff9feafdf6b47fc8e16f7c",
    "https://esm.sh/v129/ee-first@1.1.1/denonext/ee-first.mjs": "c655caffe0672068733c5cfdfbec78642a8fbf64b4ce3c9fc32f401efefeaa1a",
    "https://esm.sh/v129/encodeurl@1.0.2/denonext/encodeurl.mjs": "dccc811e5af731341108e5af6a0ce67f8c948f35bb2b269bd0ea70e1475511e4",
    "https://esm.sh/v129/es5-ext@0.10.62/denonext/global.js": "2f51d9acef1f761faaa542da919b3c747744ea29fe709d0a904fd531716a93d6",
    "https://esm.sh/v129/escape-html@1.0.3/denonext/escape-html.mjs": "836d29b9da47c2ac09ffa144f01a4726a38b4e4a9748e37cd115a6316aed2b00",
    "https://esm.sh/v129/etag@1.8.1/denonext/etag.mjs": "6763dab9e976971d02ac25effb823ac49d0151175594ee7c841f468783765745",
    "https://esm.sh/v129/express@4.18.2/denonext/express.mjs": "c4098d6ecd4793a031198329e5b6e482aa274c02e725e108970abaada0d32da6",
    "https://esm.sh/v129/finalhandler@1.2.0/denonext/finalhandler.mjs": "0de9279403fc53f5e9401290ce783a6ba150ecdb542abbac324ec74546000d8a",
    "https://esm.sh/v129/forwarded@0.2.0/denonext/forwarded.mjs": "72e79cf9e130e81a182f26af69493c8f20857b6f03623f16b3afe9e18b25411d",
    "https://esm.sh/v129/fresh@0.5.2/denonext/fresh.mjs": "e43787c17dea3cbe8bfed87a051ebb57eaf40d42d34931db2638d437d1766429",
    "https://esm.sh/v129/function-bind@1.1.1/denonext/function-bind.mjs": "331f5d2a5830a67a767be946331716b1b9db05125891100a16e24114dba8ef87",
    "https://esm.sh/v129/get-intrinsic@1.2.1/denonext/get-intrinsic.mjs": "2ca59cc159364c8916b80ad4a53d4f6e6f9670463c75629bb399e651511c65db",
    "https://esm.sh/v129/has-proto@1.0.1/denonext/has-proto.mjs": "443f9773e464b39534dbecaee040e5de8384e8efaeea7a6d3e333df4069d1f85",
    "https://esm.sh/v129/has-symbols@1.0.3/denonext/has-symbols.mjs": "452727b5dbec94d538c5e8e062ed82bee701c3b752eb21e6189978e92292b7c6",
    "https://esm.sh/v129/has@1.0.3/denonext/has.mjs": "d4107cf41c308ef1f7325986a947fd5d663179faaca6c8781971fccf1259e236",
    "https://esm.sh/v129/http-errors@2.0.0/denonext/http-errors.mjs": "3abca74ba6a4a18ad0219dcc0a0c836bb4c8ee374577982a83264942ef876607",
    "https://esm.sh/v129/iconv-lite@0.4.24/denonext/iconv-lite.mjs": "0dae43acb55caf38a42eccc577b9716cc6e84f67e888ce933452ec7a94233488",
    "https://esm.sh/v129/inherits@2.0.4/denonext/inherits.mjs": "8095f3d6aea060c904fb24ae50f2882779c0acbe5d56814514c8b5153f3b4b3b",
    "https://esm.sh/v129/ipaddr.js@1.9.1/denonext/ipaddr.mjs": "b53fc977cda5b9ee595ccf9693a02bd6cc9741c51e5d0002b7677bcbd7f300b2",
    "https://esm.sh/v129/media-typer@0.3.0/denonext/media-typer.mjs": "40ea9972d4a533872bd3403f95a32f1faddd04817be75597287a7cad60b0a96a",
    "https://esm.sh/v129/merge-descriptors@1.0.1/denonext/merge-descriptors.mjs": "de42c926d830041381e6e36fdb576a272047853a01e8d158a59197586a8d11b0",
    "https://esm.sh/v129/methods@1.1.2/denonext/methods.mjs": "df1fa8e775f52f9f2ee5edc8ae6a1f587196e535579dd55dd0ac222a0ecbf039",
    "https://esm.sh/v129/mime-db@1.52.0/denonext/mime-db.mjs": "52b5de94b0afa2139224f83773d90861fbc2fca6a1994f1a00a52733e14f4720",
    "https://esm.sh/v129/mime-types@2.1.35/denonext/mime-types.mjs": "cc2f9b079574e00162d4a756c050e0fcfca8bde43ca64d2e364eec102cae54ea",
    "https://esm.sh/v129/mime@1.6.0/denonext/mime.mjs": "c39ec785aa5ba3627bfc5ad35d38f9bba30a936bf30977102572430f602b9d56",
    "https://esm.sh/v129/ms@2.0.0/denonext/ms.mjs": "3d3c2d9fc775a062db98f0d6da4e660539a5a2f3fc30a017f8381c48e06eb547",
    "https://esm.sh/v129/ms@2.1.3/denonext/ms.mjs": "0f06597e493998793b8f52232868976128fca326eec3bcd56f10e66e6efd1839",
    "https://esm.sh/v129/negotiator@0.6.3/denonext/negotiator.mjs": "00b4932ba3f3502ac746fd05716058f72d272629bc9c49e286ac483ebb928077",
    "https://esm.sh/v129/object-inspect@1.12.3/denonext/object-inspect.mjs": "6cc9da4b2d1ebcc6008ba2fcc809430229062318eb0aff45eddc44ade994f7ed",
    "https://esm.sh/v129/on-finished@2.4.1/denonext/on-finished.mjs": "fc6afb06bac59a6f5dd2d9bc8979eac389bed56c9b9ba98d2d8d1d8c779af2cc",
    "https://esm.sh/v129/parseurl@1.3.3/denonext/parseurl.mjs": "2ce692590dbef75165d259963e2ad99007ef617b74b865cb8072ceefe53290ac",
    "https://esm.sh/v129/path-to-regexp@0.1.7/denonext/path-to-regexp.mjs": "1882fa76d8b6aa20a9bcc1a926cbf1a1b6476cb41bec4ee54d6bf33ae627dbee",
    "https://esm.sh/v129/proxy-addr@2.0.7/denonext/proxy-addr.mjs": "3327eff6de350ceb6f964bb6045351f29eb964eb5dc47a7080a68cddef511003",
    "https://esm.sh/v129/qs@6.11.0/denonext/qs.mjs": "ae4742146e0c05cd7370b7dc59097508e0646fa58a336dc78cc6d805a073aa8a",
    "https://esm.sh/v129/range-parser@1.2.1/denonext/range-parser.mjs": "6c949446640944b4f877b1023adbedbe9c981b960cee369f9a3f7c3dcc3fbee1",
    "https://esm.sh/v129/raw-body@2.5.1/denonext/raw-body.mjs": "bc071a976d402492400d33531ab91bd9189ce38530aed854c4eee53abfab917c",
    "https://esm.sh/v129/safe-buffer@5.2.1/denonext/safe-buffer.mjs": "facbcb4f4622e13062978522fa12c42cae4e12f55b0e1d3fa1c4bc751bd827c7",
    "https://esm.sh/v129/safer-buffer@2.1.2/denonext/safer-buffer.mjs": "ce0e787812c668ba082ad5b75958490c714b6e05836bd5b6013d9f75727c006f",
    "https://esm.sh/v129/send@0.18.0/denonext/send.mjs": "3908e06abf906a8c4ce6954385b36683d318a1b30a4d5a67e70053a111550e56",
    "https://esm.sh/v129/serve-static@1.15.0/denonext/serve-static.mjs": "0b9274324ffc294a1c82f1ad905d8976bded408b230e006d37f401fa4c99967f",
    "https://esm.sh/v129/setprototypeof@1.2.0/denonext/setprototypeof.mjs": "3c433ff9b1f70f65d63ad4320ed48ed97a61393cfe63f9582154c5ef4c1e4ae3",
    "https://esm.sh/v129/side-channel@1.0.4/denonext/side-channel.mjs": "14241c60cbd003133fc6881e1a8ca534d0e4766a7c3138b428682c99afe843b6",
    "https://esm.sh/v129/statuses@2.0.1/denonext/statuses.mjs": "04eebf4fa5711688b325f7c7b29b31c012cf797b15795832c9b9db65a3f16a5d",
    "https://esm.sh/v129/toidentifier@1.0.1/denonext/toidentifier.mjs": "096561de448c16b623c023497eea7ce6232a0c6684bd500761cd35eedd5ed73d",
    "https://esm.sh/v129/type-is@1.6.18/denonext/type-is.mjs": "f1216f861a5af11d89f9d8c28f2464f401c0f02955719eaecb2fb0edd5f027a0",
    "https://esm.sh/v129/unpipe@1.0.0/denonext/unpipe.mjs": "46c65a06d46ec6b3e9f3fda014053928fe62397a3d894cbb56b13bc25a385bc0",
    "https://esm.sh/v129/utils-merge@1.0.1/denonext/utils-merge.mjs": "0a8a3925b476b5a94da272bb8fbb63728b725185a80b28492825dfb3ca3a3542",
    "https://esm.sh/v129/vary@1.1.2/denonext/vary.mjs": "119fef5a9e3d5a74c698ded1a4edd8acfdf75db69c6daabf631bd773964ac860",
    "https://esm.sh/v129/websocket@1.0.34/denonext/websocket.mjs": "8d8565e250b084b34b9a9345f2368772b0ceeeae302543c7e2bd2c4e3fb5c4a0"
  }
}
